// !$*UTF8*$!
{
	archiveVersion = 1;
	classes = {
	};
	objectVersion = 46;
	objects = {

/* Begin PBXBuildFile section */
		2282D3A61DF5B0390093F708 /* AppDelegate.swift in Sources */ = {isa = PBXBuildFile; fileRef = 2282D3A51DF5B0390093F708 /* AppDelegate.swift */; };
		2282D3A81DF5B0390093F708 /* MainVC.swift in Sources */ = {isa = PBXBuildFile; fileRef = 2282D3A71DF5B0390093F708 /* MainVC.swift */; };
		2282D3AB1DF5B0390093F708 /* Main.storyboard in Resources */ = {isa = PBXBuildFile; fileRef = 2282D3A91DF5B0390093F708 /* Main.storyboard */; };
		2282D3AD1DF5B0390093F708 /* Assets.xcassets in Resources */ = {isa = PBXBuildFile; fileRef = 2282D3AC1DF5B0390093F708 /* Assets.xcassets */; };
		2282D3B01DF5B0390093F708 /* LaunchScreen.storyboard in Resources */ = {isa = PBXBuildFile; fileRef = 2282D3AE1DF5B0390093F708 /* LaunchScreen.storyboard */; };
		2282D3B81DF5B2940093F708 /* SectionVC.swift in Sources */ = {isa = PBXBuildFile; fileRef = 2282D3B71DF5B2940093F708 /* SectionVC.swift */; };
		2282D3BB1DF5B2F60093F708 /* DateVC.swift in Sources */ = {isa = PBXBuildFile; fileRef = 2282D3BA1DF5B2F60093F708 /* DateVC.swift */; };
		2282D3BD1DF5B30A0093F708 /* DoctorVC.swift in Sources */ = {isa = PBXBuildFile; fileRef = 2282D3BC1DF5B30A0093F708 /* DoctorVC.swift */; };
		2282D3BF1DF6EA7F0093F708 /* DetailVC.swift in Sources */ = {isa = PBXBuildFile; fileRef = 2282D3BE1DF6EA7F0093F708 /* DetailVC.swift */; };
		2282D3C21DF704DF0093F708 /* DidSelectedRowDelegate.swift in Sources */ = {isa = PBXBuildFile; fileRef = 2282D3C11DF704DF0093F708 /* DidSelectedRowDelegate.swift */; };
		2282D3C61DF717660093F708 /* sectionJsonData.txt in Resources */ = {isa = PBXBuildFile; fileRef = 2282D3C51DF717660093F708 /* sectionJsonData.txt */; };
/* End PBXBuildFile section */

/* Begin PBXFileReference section */
		2282D3A21DF5B0390093F708 /* SegmentController.app */ = {isa = PBXFileReference; explicitFileType = wrapper.application; includeInIndex = 0; path = SegmentController.app; sourceTree = BUILT_PRODUCTS_DIR; };
		2282D3A51DF5B0390093F708 /* AppDelegate.swift */ = {isa = PBXFileReference; lastKnownFileType = sourcecode.swift; path = AppDelegate.swift; sourceTree = "<group>"; };
		2282D3A71DF5B0390093F708 /* MainVC.swift */ = {isa = PBXFileReference; lastKnownFileType = sourcecode.swift; name = MainVC.swift; path = SegmentController/MainVC.swift; sourceTree = "<group>"; };
		2282D3AA1DF5B0390093F708 /* Base */ = {isa = PBXFileReference; lastKnownFileType = file.storyboard; name = Base; path = Base.lproj/Main.storyboard; sourceTree = "<group>"; };
		2282D3AC1DF5B0390093F708 /* Assets.xcassets */ = {isa = PBXFileReference; lastKnownFileType = folder.assetcatalog; path = Assets.xcassets; sourceTree = "<group>"; };
		2282D3AF1DF5B0390093F708 /* Base */ = {isa = PBXFileReference; lastKnownFileType = file.storyboard; name = Base; path = Base.lproj/LaunchScreen.storyboard; sourceTree = "<group>"; };
		2282D3B11DF5B0390093F708 /* Info.plist */ = {isa = PBXFileReference; lastKnownFileType = text.plist.xml; path = Info.plist; sourceTree = "<group>"; };
		2282D3B71DF5B2940093F708 /* SectionVC.swift */ = {isa = PBXFileReference; fileEncoding = 4; lastKnownFileType = sourcecode.swift; path = SectionVC.swift; sourceTree = "<group>"; };
		2282D3BA1DF5B2F60093F708 /* DateVC.swift */ = {isa = PBXFileReference; fileEncoding = 4; lastKnownFileType = sourcecode.swift; path = DateVC.swift; sourceTree = "<group>"; };
		2282D3BC1DF5B30A0093F708 /* DoctorVC.swift */ = {isa = PBXFileReference; fileEncoding = 4; lastKnownFileType = sourcecode.swift; path = DoctorVC.swift; sourceTree = "<group>"; };
		2282D3BE1DF6EA7F0093F708 /* DetailVC.swift */ = {isa = PBXFileReference; fileEncoding = 4; lastKnownFileType = sourcecode.swift; path = DetailVC.swift; sourceTree = "<group>"; };
		2282D3C11DF704DF0093F708 /* DidSelectedRowDelegate.swift */ = {isa = PBXFileReference; fileEncoding = 4; lastKnownFileType = sourcecode.swift; path = DidSelectedRowDelegate.swift; sourceTree = "<group>"; };
		2282D3C51DF717660093F708 /* sectionJsonData.txt */ = {isa = PBXFileReference; fileEncoding = 4; lastKnownFileType = text; path = sectionJsonData.txt; sourceTree = "<group>"; };
/* End PBXFileReference section */

/* Begin PBXFrameworksBuildPhase section */
		2282D39F1DF5B0390093F708 /* Frameworks */ = {
			isa = PBXFrameworksBuildPhase;
			buildActionMask = 2147483647;
			files = (
			);
			runOnlyForDeploymentPostprocessing = 0;
		};
/* End PBXFrameworksBuildPhase section */

/* Begin PBXGroup section */
		2282D3991DF5B0390093F708 = {
			isa = PBXGroup;
			children = (
				2282D3C41DF7175D0093F708 /* JSON */,
				2282D3C01DF701CD0093F708 /* Delegate */,
				2282D3C31DF715290093F708 /* Controller */,
				2282D3A41DF5B0390093F708 /* SegmentController */,
				2282D3A31DF5B0390093F708 /* Products */,
			);
			sourceTree = "<group>";
		};
		2282D3A31DF5B0390093F708 /* Products */ = {
			isa = PBXGroup;
			children = (
				2282D3A21DF5B0390093F708 /* SegmentController.app */,
			);
			name = Products;
			sourceTree = "<group>";
		};
		2282D3A41DF5B0390093F708 /* SegmentController */ = {
			isa = PBXGroup;
			children = (
				2282D3A51DF5B0390093F708 /* AppDelegate.swift */,
				2282D3A91DF5B0390093F708 /* Main.storyboard */,
				2282D3AC1DF5B0390093F708 /* Assets.xcassets */,
				2282D3AE1DF5B0390093F708 /* LaunchScreen.storyboard */,
				2282D3B11DF5B0390093F708 /* Info.plist */,
			);
			path = SegmentController;
			sourceTree = "<group>";
		};
		2282D3B91DF5B2AB0093F708 /* Segment */ = {
			isa = PBXGroup;
			children = (
				2282D3B71DF5B2940093F708 /* SectionVC.swift */,
				2282D3BA1DF5B2F60093F708 /* DateVC.swift */,
				2282D3BC1DF5B30A0093F708 /* DoctorVC.swift */,
				2282D3BE1DF6EA7F0093F708 /* DetailVC.swift */,
			);
			name = Segment;
			path = SegmentController;
			sourceTree = "<group>";
		};
		2282D3C01DF701CD0093F708 /* Delegate */ = {
			isa = PBXGroup;
			children = (
				2282D3C11DF704DF0093F708 /* DidSelectedRowDelegate.swift */,
			);
			name = Delegate;
			sourceTree = "<group>";
		};
		2282D3C31DF715290093F708 /* Controller */ = {
			isa = PBXGroup;
			children = (
				2282D3A71DF5B0390093F708 /* MainVC.swift */,
				2282D3B91DF5B2AB0093F708 /* Segment */,
			);
			name = Controller;
			sourceTree = "<group>";
		};
		2282D3C41DF7175D0093F708 /* JSON */ = {
			isa = PBXGroup;
			children = (
				2282D3C51DF717660093F708 /* sectionJsonData.txt */,
			);
			name = JSON;
			sourceTree = "<group>";
		};
/* End PBXGroup section */

/* Begin PBXNativeTarget section */
		2282D3A11DF5B0390093F708 /* SegmentController */ = {
			isa = PBXNativeTarget;
			buildConfigurationList = 2282D3B41DF5B0390093F708 /* Build configuration list for PBXNativeTarget "SegmentController" */;
			buildPhases = (
				2282D39E1DF5B0390093F708 /* Sources */,
				2282D39F1DF5B0390093F708 /* Frameworks */,
				2282D3A01DF5B0390093F708 /* Resources */,
			);
			buildRules = (
			);
			dependencies = (
			);
			name = SegmentController;
			productName = SegmentController;
			productReference = 2282D3A21DF5B0390093F708 /* SegmentController.app */;
			productType = "com.apple.product-type.application";
		};
/* End PBXNativeTarget section */

/* Begin PBXProject section */
		2282D39A1DF5B0390093F708 /* Project object */ = {
			isa = PBXProject;
			attributes = {
				LastSwiftUpdateCheck = 0810;
				LastUpgradeCheck = 0810;
				ORGANIZATIONNAME = Frank.Chen;
				TargetAttributes = {
					2282D3A11DF5B0390093F708 = {
						CreatedOnToolsVersion = 8.1;
						DevelopmentTeam = N5R68YAD3A;
						ProvisioningStyle = Automatic;
					};
				};
			};
			buildConfigurationList = 2282D39D1DF5B0390093F708 /* Build configuration list for PBXProject "SegmentController" */;
			compatibilityVersion = "Xcode 3.2";
			developmentRegion = English;
			hasScannedForEncodings = 0;
			knownRegions = (
				en,
				Base,
			);
			mainGroup = 2282D3991DF5B0390093F708;
			productRefGroup = 2282D3A31DF5B0390093F708 /* Products */;
			projectDirPath = "";
			projectRoot = "";
			targets = (
				2282D3A11DF5B0390093F708 /* SegmentController */,
			);
		};
/* End PBXProject section */

/* Begin PBXResourcesBuildPhase section */
		2282D3A01DF5B0390093F708 /* Resources */ = {
			isa = PBXResourcesBuildPhase;
			buildActionMask = 2147483647;
			files = (
				2282D3B01DF5B0390093F708 /* LaunchScreen.storyboard in Resources */,
				2282D3AD1DF5B0390093F708 /* Assets.xcassets in Resources */,
				2282D3C61DF717660093F708 /* sectionJsonData.txt in Resources */,
				2282D3AB1DF5B0390093F708 /* Main.storyboard in Resources */,
			);
			runOnlyForDeploymentPostprocessing = 0;
		};
/* End PBXResourcesBuildPhase section */

/* Begin PBXSourcesBuildPhase section */
		2282D39E1DF5B0390093F708 /* Sources */ = {
			isa = PBXSourcesBuildPhase;
			buildActionMask = 2147483647;
			files = (
				2282D3B81DF5B2940093F708 /* SectionVC.swift in Sources */,
				2282D3A81DF5B0390093F708 /* MainVC.swift in Sources */,
				2282D3BB1DF5B2F60093F708 /* DateVC.swift in Sources */,
				2282D3A61DF5B0390093F708 /* AppDelegate.swift in Sources */,
				2282D3BD1DF5B30A0093F708 /* DoctorVC.swift in Sources */,
				2282D3BF1DF6EA7F0093F708 /* DetailVC.swift in Sources */,
				2282D3C21DF704DF0093F708 /* DidSelectedRowDelegate.swift in Sources */,
			);
			runOnlyForDeploymentPostprocessing = 0;
		};
/* End PBXSourcesBuildPhase section */

/* Begin PBXVariantGroup section */
		2282D3A91DF5B0390093F708 /* Main.storyboard */ = {
			isa = PBXVariantGroup;
			children = (
				2282D3AA1DF5B0390093F708 /* Base */,
			);
			name = Main.storyboard;
			sourceTree = "<group>";
		};
		2282D3AE1DF5B0390093F708 /* LaunchScreen.storyboard */ = {
			isa = PBXVariantGroup;
			children = (
				2282D3AF1DF5B0390093F708 /* Base */,
			);
			name = LaunchScreen.storyboard;
			sourceTree = "<group>";
		};
/* End PBXVariantGroup section */

/* Begin XCBuildConfiguration section */
		2282D3B21DF5B0390093F708 /* Debug */ = {
			isa = XCBuildConfiguration;
			buildSettings = {
				ALWAYS_SEARCH_USER_PATHS = NO;
				CLANG_ANALYZER_NONNULL = YES;
				CLANG_CXX_LANGUAGE_STANDARD = "gnu++0x";
				CLANG_CXX_LIBRARY = "libc++";
				CLANG_ENABLE_MODULES = YES;
				CLANG_ENABLE_OBJC_ARC = YES;
				CLANG_WARN_BOOL_CONVERSION = YES;
				CLANG_WARN_CONSTANT_CONVERSION = YES;
				CLANG_WARN_DIRECT_OBJC_ISA_USAGE = YES_ERROR;
				CLANG_WARN_DOCUMENTATION_COMMENTS = YES;
				CLANG_WARN_EMPTY_BODY = YES;
				CLANG_WARN_ENUM_CONVERSION = YES;
				CLANG_WARN_INFINITE_RECURSION = YES;
				CLANG_WARN_INT_CONVERSION = YES;
				CLANG_WARN_OBJC_ROOT_CLASS = YES_ERROR;
				CLANG_WARN_SUSPICIOUS_MOVES = YES;
				CLANG_WARN_UNREACHABLE_CODE = YES;
				CLANG_WARN__DUPLICATE_METHOD_MATCH = YES;
				"CODE_SIGN_IDENTITY[sdk=iphoneos*]" = "iPhone Developer";
				COPY_PHASE_STRIP = NO;
				DEBUG_INFORMATION_FORMAT = dwarf;
				ENABLE_STRICT_OBJC_MSGSEND = YES;
				ENABLE_TESTABILITY = YES;
				GCC_C_LANGUAGE_STANDARD = gnu99;
				GCC_DYNAMIC_NO_PIC = NO;
				GCC_NO_COMMON_BLOCKS = YES;
				GCC_OPTIMIZATION_LEVEL = 0;
				GCC_PREPROCESSOR_DEFINITIONS = (
					"DEBUG=1",
					"$(inherited)",
				);
				GCC_WARN_64_TO_32_BIT_CONVERSION = YES;
				GCC_WARN_ABOUT_RETURN_TYPE = YES_ERROR;
				GCC_WARN_UNDECLARED_SELECTOR = YES;
				GCC_WARN_UNINITIALIZED_AUTOS = YES_AGGRESSIVE;
				GCC_WARN_UNUSED_FUNCTION = YES;
				GCC_WARN_UNUSED_VARIABLE = YES;
				IPHONEOS_DEPLOYMENT_TARGET = 10.1;
				MTL_ENABLE_DEBUG_INFO = YES;
				ONLY_ACTIVE_ARCH = YES;
				SDKROOT = iphoneos;
				SWIFT_ACTIVE_COMPILATION_CONDITIONS = DEBUG;
				SWIFT_OPTIMIZATION_LEVEL = "-Onone";
			};
			name = Debug;
		};
		2282D3B31DF5B0390093F708 /* Release */ = {
			isa = XCBuildConfiguration;
			buildSettings = {
				ALWAYS_SEARCH_USER_PATHS = NO;
				CLANG_ANALYZER_NONNULL = YES;
				CLANG_CXX_LANGUAGE_STANDARD = "gnu++0x";
				CLANG_CXX_LIBRARY = "libc++";
				CLANG_ENABLE_MODULES = YES;
				CLANG_ENABLE_OBJC_ARC = YES;
				CLANG_WARN_BOOL_CONVERSION = YES;
				CLANG_WARN_CONSTANT_CONVERSION = YES;
				CLANG_WARN_DIRECT_OBJC_ISA_USAGE = YES_ERROR;
				CLANG_WARN_DOCUMENTATION_COMMENTS = YES;
				CLANG_WARN_EMPTY_BODY = YES;
				CLANG_WARN_ENUM_CONVERSION = YES;
				CLANG_WARN_INFINITE_RECURSION = YES;
				CLANG_WARN_INT_CONVERSION = YES;
				CLANG_WARN_OBJC_ROOT_CLASS = YES_ERROR;
				CLANG_WARN_SUSPICIOUS_MOVES = YES;
				CLANG_WARN_UNREACHABLE_CODE = YES;
				CLANG_WARN__DUPLICATE_METHOD_MATCH = YES;
				"CODE_SIGN_IDENTITY[sdk=iphoneos*]" = "iPhone Developer";
				COPY_PHASE_STRIP = NO;
				DEBUG_INFORMATION_FORMAT = "dwarf-with-dsym";
				ENABLE_NS_ASSERTIONS = NO;
				ENABLE_STRICT_OBJC_MSGSEND = YES;
				GCC_C_LANGUAGE_STANDARD = gnu99;
				GCC_NO_COMMON_BLOCKS = YES;
				GCC_WARN_64_TO_32_BIT_CONVERSION = YES;
				GCC_WARN_ABOUT_RETURN_TYPE = YES_ERROR;
				GCC_WARN_UNDECLARED_SELECTOR = YES;
				GCC_WARN_UNINITIALIZED_AUTOS = YES_AGGRESSIVE;
				GCC_WARN_UNUSED_FUNCTION = YES;
				GCC_WARN_UNUSED_VARIABLE = YES;
				IPHONEOS_DEPLOYMENT_TARGET = 10.1;
				MTL_ENABLE_DEBUG_INFO = NO;
				SDKROOT = iphoneos;
				SWIFT_OPTIMIZATION_LEVEL = "-Owholemodule";
				VALIDATE_PRODUCT = YES;
			};
			name = Release;
		};
		2282D3B51DF5B0390093F708 /* Debug */ = {
			isa = XCBuildConfiguration;
			buildSettings = {
				ASSETCATALOG_COMPILER_APPICON_NAME = AppIcon;
				DEVELOPMENT_TEAM = N5R68YAD3A;
				INFOPLIST_FILE = SegmentController/Info.plist;
				LD_RUNPATH_SEARCH_PATHS = "$(inherited) @executable_path/Frameworks";
				PRODUCT_BUNDLE_IDENTIFIER = Frank.Chen.SegmentController;
				PRODUCT_NAME = "$(TARGET_NAME)";
				SWIFT_VERSION = 3.0;
			};
			name = Debug;
		};
		2282D3B61DF5B0390093F708 /* Release */ = {
			isa = XCBuildConfiguration;
			buildSettings = {
				ASSETCATALOG_COMPILER_APPICON_NAME = AppIcon;
				DEVELOPMENT_TEAM = N5R68YAD3A;
				INFOPLIST_FILE = SegmentController/Info.plist;
				LD_RUNPATH_SEARCH_PATHS = "$(inherited) @executable_path/Frameworks";
				PRODUCT_BUNDLE_IDENTIFIER = Frank.Chen.SegmentController;
				PRODUCT_NAME = "$(TARGET_NAME)";
				SWIFT_VERSION = 3.0;
			};
			name = Release;
		};
/* End XCBuildConfiguration section */

/* Begin XCConfigurationList section */
		2282D39D1DF5B0390093F708 /* Build configuration list for PBXProject "SegmentController" */ = {
			isa = XCConfigurationList;
			buildConfigurations = (
				2282D3B21DF5B0390093F708 /* Debug */,
				2282D3B31DF5B0390093F708 /* Release */,
			);
			defaultConfigurationIsVisible = 0;
			defaultConfigurationName = Release;
		};
		2282D3B41DF5B0390093F708 /* Build configuration list for PBXNativeTarget "SegmentController" */ = {
			isa = XCConfigurationList;
			buildConfigurations = (
				2282D3B51DF5B0390093F708 /* Debug */,
				2282D3B61DF5B0390093F708 /* Release */,
			);
			defaultConfigurationIsVisible = 0;
			defaultConfigurationName = Release;
		};
/* End XCConfigurationList section */
	};
	rootObject = 2282D39A1DF5B0390093F708 /* Project object */;
}
